// !$*UTF8*$!
{
	archiveVersion = 1;
	classes = {
	};
	objectVersion = 77;
	objects = {

/* Begin PBXContainerItemProxy section */
		710A3EDD2E4DB71200BFB3A9 /* PBXContainerItemProxy */ = {
			isa = PBXContainerItemProxy;
			containerPortal = 710A3EC72E4DB71100BFB3A9 /* Project object */;
			proxyType = 1;
			remoteGlobalIDString = 710A3ECE2E4DB71100BFB3A9;
			remoteInfo = CarRecognizer;
		};
		710A3EE72E4DB71200BFB3A9 /* PBXContainerItemProxy */ = {
			isa = PBXContainerItemProxy;
			containerPortal = 710A3EC72E4DB71100BFB3A9 /* Project object */;
			proxyType = 1;
			remoteGlobalIDString = 710A3ECE2E4DB71100BFB3A9;
			remoteInfo = CarRecognizer;
		};
/* End PBXContainerItemProxy section */

/* Begin PBXFileReference section */
		710A3ECF2E4DB71100BFB3A9 /* CarRecognizer.app */ = {isa = PBXFileReference; explicitFileType = wrapper.application; includeInIndex = 0; path = CarRecognizer.app; sourceTree = BUILT_PRODUCTS_DIR; };
		710A3EDC2E4DB71200BFB3A9 /* CarRecognizerTests.xctest */ = {isa = PBXFileReference; explicitFileType = wrapper.cfbundle; includeInIndex = 0; path = CarRecognizerTests.xctest; sourceTree = BUILT_PRODUCTS_DIR; };
		710A3EE62E4DB71200BFB3A9 /* CarRecognizerUITests.xctest */ = {isa = PBXFileReference; explicitFileType = wrapper.cfbundle; includeInIndex = 0; path = CarRecognizerUITests.xctest; sourceTree = BUILT_PRODUCTS_DIR; };
/* End PBXFileReference section */

/* Begin PBXFileSystemSynchronizedRootGroup section */
		710A3ED12E4DB71100BFB3A9 /* CarRecognizer */ = {
			isa = PBXFileSystemSynchronizedRootGroup;
			path = CarRecognizer;
			sourceTree = "<group>";
		};
		710A3EDF2E4DB71200BFB3A9 /* CarRecognizerTests */ = {
			isa = PBXFileSystemSynchronizedRootGroup;
			path = CarRecognizerTests;
			sourceTree = "<group>";
		};
		710A3EE92E4DB71200BFB3A9 /* CarRecognizerUITests */ = {
			isa = PBXFileSystemSynchronizedRootGroup;
			path = CarRecognizerUITests;
			sourceTree = "<group>";
		};
/* End PBXFileSystemSynchronizedRootGroup section */

/* Begin PBXFrameworksBuildPhase section */
		710A3ECC2E4DB71100BFB3A9 /* Frameworks */ = {
			isa = PBXFrameworksBuildPhase;
			buildActionMask = 2147483647;
			files = (
			);
			runOnlyForDeploymentPostprocessing = 0;
		};
		710A3ED92E4DB71200BFB3A9 /* Frameworks */ = {
			isa = PBXFrameworksBuildPhase;
			buildActionMask = 2147483647;
			files = (
			);
			runOnlyForDeploymentPostprocessing = 0;
		};
		710A3EE32E4DB71200BFB3A9 /* Frameworks */ = {
			isa = PBXFrameworksBuildPhase;
			buildActionMask = 2147483647;
			files = (
			);
			runOnlyForDeploymentPostprocessing = 0;
		};
/* End PBXFrameworksBuildPhase section */

/* Begin PBXGroup section */
		710A3EC62E4DB71100BFB3A9 = {
			isa = PBXGroup;
			children = (
				710A3ED12E4DB71100BFB3A9 /* CarRecognizer */,
				710A3EDF2E4DB71200BFB3A9 /* CarRecognizerTests */,
				710A3EE92E4DB71200BFB3A9 /* CarRecognizerUITests */,
				710A3ED02E4DB71100BFB3A9 /* Products */,
			);
			sourceTree = "<group>";
		};
		710A3ED02E4DB71100BFB3A9 /* Products */ = {
			isa = PBXGroup;
			children = (
				710A3ECF2E4DB71100BFB3A9 /* CarRecognizer.app */,
				710A3EDC2E4DB71200BFB3A9 /* CarRecognizerTests.xctest */,
				710A3EE62E4DB71200BFB3A9 /* CarRecognizerUITests.xctest */,
			);
			name = Products;
			sourceTree = "<group>";
		};
/* End PBXGroup section */

/* Begin PBXNativeTarget section */
		710A3ECE2E4DB71100BFB3A9 /* CarRecognizer */ = {
			isa = PBXNativeTarget;
			buildConfigurationList = 710A3EF02E4DB71200BFB3A9 /* Build configuration list for PBXNativeTarget "CarRecognizer" */;
			buildPhases = (
				710A3ECB2E4DB71100BFB3A9 /* Sources */,
				710A3ECC2E4DB71100BFB3A9 /* Frameworks */,
				710A3ECD2E4DB71100BFB3A9 /* Resources */,
			);
			buildRules = (
			);
			dependencies = (
			);
			fileSystemSynchronizedGroups = (
				710A3ED12E4DB71100BFB3A9 /* CarRecognizer */,
			);
			name = CarRecognizer;
			packageProductDependencies = (
			);
			productName = CarRecognizer;
			productReference = 710A3ECF2E4DB71100BFB3A9 /* CarRecognizer.app */;
			productType = "com.apple.product-type.application";
		};
		710A3EDB2E4DB71200BFB3A9 /* CarRecognizerTests */ = {
			isa = PBXNativeTarget;
			buildConfigurationList = 710A3EF32E4DB71200BFB3A9 /* Build configuration list for PBXNativeTarget "CarRecognizerTests" */;
			buildPhases = (
				710A3ED82E4DB71200BFB3A9 /* Sources */,
				710A3ED92E4DB71200BFB3A9 /* Frameworks */,
				710A3EDA2E4DB71200BFB3A9 /* Resources */,
			);
			buildRules = (
			);
			dependencies = (
				710A3EDE2E4DB71200BFB3A9 /* PBXTargetDependency */,
			);
			fileSystemSynchronizedGroups = (
				710A3EDF2E4DB71200BFB3A9 /* CarRecognizerTests */,
			);
			name = CarRecognizerTests;
			packageProductDependencies = (
			);
			productName = CarRecognizerTests;
			productReference = 710A3EDC2E4DB71200BFB3A9 /* CarRecognizerTests.xctest */;
			productType = "com.apple.product-type.bundle.unit-test";
		};
		710A3EE52E4DB71200BFB3A9 /* CarRecognizerUITests */ = {
			isa = PBXNativeTarget;
			buildConfigurationList = 710A3EF62E4DB71200BFB3A9 /* Build configuration list for PBXNativeTarget "CarRecognizerUITests" */;
			buildPhases = (
				710A3EE22E4DB71200BFB3A9 /* Sources */,
				710A3EE32E4DB71200BFB3A9 /* Frameworks */,
				710A3EE42E4DB71200BFB3A9 /* Resources */,
			);
			buildRules = (
			);
			dependencies = (
				710A3EE82E4DB71200BFB3A9 /* PBXTargetDependency */,
			);
			fileSystemSynchronizedGroups = (
				710A3EE92E4DB71200BFB3A9 /* CarRecognizerUITests */,
			);
			name = CarRecognizerUITests;
			packageProductDependencies = (
			);
			productName = CarRecognizerUITests;
			productReference = 710A3EE62E4DB71200BFB3A9 /* CarRecognizerUITests.xctest */;
			productType = "com.apple.product-type.bundle.ui-testing";
		};
/* End PBXNativeTarget section */

/* Begin PBXProject section */
		710A3EC72E4DB71100BFB3A9 /* Project object */ = {
			isa = PBXProject;
			attributes = {
				BuildIndependentTargetsInParallel = 1;
				LastSwiftUpdateCheck = 1640;
				LastUpgradeCheck = 1640;
				TargetAttributes = {
					710A3ECE2E4DB71100BFB3A9 = {
						CreatedOnToolsVersion = 16.4;
					};
					710A3EDB2E4DB71200BFB3A9 = {
						CreatedOnToolsVersion = 16.4;
						TestTargetID = 710A3ECE2E4DB71100BFB3A9;
					};
					710A3EE52E4DB71200BFB3A9 = {
						CreatedOnToolsVersion = 16.4;
						TestTargetID = 710A3ECE2E4DB71100BFB3A9;
					};
				};
			};
			buildConfigurationList = 710A3ECA2E4DB71100BFB3A9 /* Build configuration list for PBXProject "CarRecognizer" */;
			developmentRegion = en;
			hasScannedForEncodings = 0;
			knownRegions = (
				en,
				Base,
			);
			mainGroup = 710A3EC62E4DB71100BFB3A9;
			minimizedProjectReferenceProxies = 1;
			preferredProjectObjectVersion = 77;
			productRefGroup = 710A3ED02E4DB71100BFB3A9 /* Products */;
			projectDirPath = "";
			projectRoot = "";
			targets = (
				710A3ECE2E4DB71100BFB3A9 /* CarRecognizer */,
				710A3EDB2E4DB71200BFB3A9 /* CarRecognizerTests */,
				710A3EE52E4DB71200BFB3A9 /* CarRecognizerUITests */,
			);
		};
/* End PBXProject section */

/* Begin PBXResourcesBuildPhase section */
		710A3ECD2E4DB71100BFB3A9 /* Resources */ = {
			isa = PBXResourcesBuildPhase;
			buildActionMask = 2147483647;
			files = (
			);
			runOnlyForDeploymentPostprocessing = 0;
		};
		710A3EDA2E4DB71200BFB3A9 /* Resources */ = {
			isa = PBXResourcesBuildPhase;
			buildActionMask = 2147483647;
			files = (
			);
			runOnlyForDeploymentPostprocessing = 0;
		};
		710A3EE42E4DB71200BFB3A9 /* Resources */ = {
			isa = PBXResourcesBuildPhase;
			buildActionMask = 2147483647;
			files = (
			);
			runOnlyForDeploymentPostprocessing = 0;
		};
/* End PBXResourcesBuildPhase section */

/* Begin PBXSourcesBuildPhase section */
		710A3ECB2E4DB71100BFB3A9 /* Sources */ = {
			isa = PBXSourcesBuildPhase;
			buildActionMask = 2147483647;
			files = (
			);
			runOnlyForDeploymentPostprocessing = 0;
		};
		710A3ED82E4DB71200BFB3A9 /* Sources */ = {
			isa = PBXSourcesBuildPhase;
			buildActionMask = 2147483647;
			files = (
			);
			runOnlyForDeploymentPostprocessing = 0;
		};
		710A3EE22E4DB71200BFB3A9 /* Sources */ = {
			isa = PBXSourcesBuildPhase;
			buildActionMask = 2147483647;
			files = (
			);
			runOnlyForDeploymentPostprocessing = 0;
		};
/* End PBXSourcesBuildPhase section */

/* Begin PBXTargetDependency section */
		710A3EDE2E4DB71200BFB3A9 /* PBXTargetDependency */ = {
			isa = PBXTargetDependency;
			target = 710A3ECE2E4DB71100BFB3A9 /* CarRecognizer */;
			targetProxy = 710A3EDD2E4DB71200BFB3A9 /* PBXContainerItemProxy */;
		};
		710A3EE82E4DB71200BFB3A9 /* PBXTargetDependency */ = {
			isa = PBXTargetDependency;
			target = 710A3ECE2E4DB71100BFB3A9 /* CarRecognizer */;
			targetProxy = 710A3EE72E4DB71200BFB3A9 /* PBXContainerItemProxy */;
		};
/* End PBXTargetDependency section */

/* Begin XCBuildConfiguration section */
		710A3EEE2E4DB71200BFB3A9 /* Debug */ = {
			isa = XCBuildConfiguration;
			buildSettings = {
				ALWAYS_SEARCH_USER_PATHS = NO;
				ASSETCATALOG_COMPILER_GENERATE_SWIFT_ASSET_SYMBOL_EXTENSIONS = YES;
				CLANG_ANALYZER_NONNULL = YES;
				CLANG_ANALYZER_NUMBER_OBJECT_CONVERSION = YES_AGGRESSIVE;
				CLANG_CXX_LANGUAGE_STANDARD = "gnu++20";
				CLANG_ENABLE_MODULES = YES;
				CLANG_ENABLE_OBJC_ARC = YES;
				CLANG_ENABLE_OBJC_WEAK = YES;
				CLANG_WARN_BLOCK_CAPTURE_AUTORELEASING = YES;
				CLANG_WARN_BOOL_CONVERSION = YES;
				CLANG_WARN_COMMA = YES;
				CLANG_WARN_CONSTANT_CONVERSION = YES;
				CLANG_WARN_DEPRECATED_OBJC_IMPLEMENTATIONS = YES;
				CLANG_WARN_DIRECT_OBJC_ISA_USAGE = YES_ERROR;
				CLANG_WARN_DOCUMENTATION_COMMENTS = YES;
				CLANG_WARN_EMPTY_BODY = YES;
				CLANG_WARN_ENUM_CONVERSION = YES;
				CLANG_WARN_INFINITE_RECURSION = YES;
				CLANG_WARN_INT_CONVERSION = YES;
				CLANG_WARN_NON_LITERAL_NULL_CONVERSION = YES;
				CLANG_WARN_OBJC_IMPLICIT_RETAIN_SELF = YES;
				CLANG_WARN_OBJC_LITERAL_CONVERSION = YES;
				CLANG_WARN_OBJC_ROOT_CLASS = YES_ERROR;
				CLANG_WARN_QUOTED_INCLUDE_IN_FRAMEWORK_HEADER = YES;
				CLANG_WARN_RANGE_LOOP_ANALYSIS = YES;
				CLANG_WARN_STRICT_PROTOTYPES = YES;
				CLANG_WARN_SUSPICIOUS_MOVE = YES;
				CLANG_WARN_UNGUARDED_AVAILABILITY = YES_AGGRESSIVE;
				CLANG_WARN_UNREACHABLE_CODE = YES;
				CLANG_WARN__DUPLICATE_METHOD_MATCH = YES;
				COPY_PHASE_STRIP = NO;
				DEBUG_INFORMATION_FORMAT = dwarf;
				DEVELOPMENT_TEAM = MC5CH9D7S5;
				ENABLE_STRICT_OBJC_MSGSEND = YES;
				ENABLE_TESTABILITY = YES;
				ENABLE_USER_SCRIPT_SANDBOXING = YES;
				GCC_C_LANGUAGE_STANDARD = gnu17;
				GCC_DYNAMIC_NO_PIC = NO;
				GCC_NO_COMMON_BLOCKS = YES;
				GCC_OPTIMIZATION_LEVEL = 0;
				GCC_PREPROCESSOR_DEFINITIONS = (
					"DEBUG=1",
					"$(inherited)",
				);
				GCC_WARN_64_TO_32_BIT_CONVERSION = YES;
				GCC_WARN_ABOUT_RETURN_TYPE = YES_ERROR;
				GCC_WARN_UNDECLARED_SELECTOR = YES;
				GCC_WARN_UNINITIALIZED_AUTOS = YES_AGGRESSIVE;
				GCC_WARN_UNUSED_FUNCTION = YES;
				GCC_WARN_UNUSED_VARIABLE = YES;
				IPHONEOS_DEPLOYMENT_TARGET = 18.5;
				LOCALIZATION_PREFERS_STRING_CATALOGS = YES;
				MTL_ENABLE_DEBUG_INFO = INCLUDE_SOURCE;
				MTL_FAST_MATH = YES;
				ONLY_ACTIVE_ARCH = YES;
				SDKROOT = iphoneos;
				SWIFT_ACTIVE_COMPILATION_CONDITIONS = "DEBUG $(inherited)";
				SWIFT_OPTIMIZATION_LEVEL = "-Onone";
			};
			name = Debug;
		};
		710A3EEF2E4DB71200BFB3A9 /* Release */ = {
			isa = XCBuildConfiguration;
			buildSettings = {
				ALWAYS_SEARCH_USER_PATHS = NO;
				ASSETCATALOG_COMPILER_GENERATE_SWIFT_ASSET_SYMBOL_EXTENSIONS = YES;
				CLANG_ANALYZER_NONNULL = YES;
				CLANG_ANALYZER_NUMBER_OBJECT_CONVERSION = YES_AGGRESSIVE;
				CLANG_CXX_LANGUAGE_STANDARD = "gnu++20";
				CLANG_ENABLE_MODULES = YES;
				CLANG_ENABLE_OBJC_ARC = YES;
				CLANG_ENABLE_OBJC_WEAK = YES;
				CLANG_WARN_BLOCK_CAPTURE_AUTORELEASING = YES;
				CLANG_WARN_BOOL_CONVERSION = YES;
				CLANG_WARN_COMMA = YES;
				CLANG_WARN_CONSTANT_CONVERSION = YES;
				CLANG_WARN_DEPRECATED_OBJC_IMPLEMENTATIONS = YES;
				CLANG_WARN_DIRECT_OBJC_ISA_USAGE = YES_ERROR;
				CLANG_WARN_DOCUMENTATION_COMMENTS = YES;
				CLANG_WARN_EMPTY_BODY = YES;
				CLANG_WARN_ENUM_CONVERSION = YES;
				CLANG_WARN_INFINITE_RECURSION = YES;
				CLANG_WARN_INT_CONVERSION = YES;
				CLANG_WARN_NON_LITERAL_NULL_CONVERSION = YES;
				CLANG_WARN_OBJC_IMPLICIT_RETAIN_SELF = YES;
				CLANG_WARN_OBJC_LITERAL_CONVERSION = YES;
				CLANG_WARN_OBJC_ROOT_CLASS = YES_ERROR;
				CLANG_WARN_QUOTED_INCLUDE_IN_FRAMEWORK_HEADER = YES;
				CLANG_WARN_RANGE_LOOP_ANALYSIS = YES;
				CLANG_WARN_STRICT_PROTOTYPES = YES;
				CLANG_WARN_SUSPICIOUS_MOVE = YES;
				CLANG_WARN_UNGUARDED_AVAILABILITY = YES_AGGRESSIVE;
				CLANG_WARN_UNREACHABLE_CODE = YES;
				CLANG_WARN__DUPLICATE_METHOD_MATCH = YES;
				COPY_PHASE_STRIP = NO;
				DEBUG_INFORMATION_FORMAT = "dwarf-with-dsym";
				DEVELOPMENT_TEAM = MC5CH9D7S5;
				ENABLE_NS_ASSERTIONS = NO;
				ENABLE_STRICT_OBJC_MSGSEND = YES;
				ENABLE_USER_SCRIPT_SANDBOXING = YES;
				GCC_C_LANGUAGE_STANDARD = gnu17;
				GCC_NO_COMMON_BLOCKS = YES;
				GCC_WARN_64_TO_32_BIT_CONVERSION = YES;
				GCC_WARN_ABOUT_RETURN_TYPE = YES_ERROR;
				GCC_WARN_UNDECLARED_SELECTOR = YES;
				GCC_WARN_UNINITIALIZED_AUTOS = YES_AGGRESSIVE;
				GCC_WARN_UNUSED_FUNCTION = YES;
				GCC_WARN_UNUSED_VARIABLE = YES;
				IPHONEOS_DEPLOYMENT_TARGET = 18.5;
				LOCALIZATION_PREFERS_STRING_CATALOGS = YES;
				MTL_ENABLE_DEBUG_INFO = NO;
				MTL_FAST_MATH = YES;
				SDKROOT = iphoneos;
				SWIFT_COMPILATION_MODE = wholemodule;
				VALIDATE_PRODUCT = YES;
			};
			name = Release;
		};
		710A3EF12E4DB71200BFB3A9 /* Debug */ = {
			isa = XCBuildConfiguration;
			buildSettings = {
				ASSETCATALOG_COMPILER_APPICON_NAME = AppIcon;
				ASSETCATALOG_COMPILER_GLOBAL_ACCENT_COLOR_NAME = AccentColor;
				CODE_SIGN_STYLE = Automatic;
				CURRENT_PROJECT_VERSION = 1;
				DEVELOPMENT_TEAM = MC5CH9D7S5;
				ENABLE_PREVIEWS = YES;
				GENERATE_INFOPLIST_FILE = YES;
				INFOPLIST_KEY_LSApplicationCategoryType = "";
				INFOPLIST_KEY_NSCameraUsageDescription = "We need camera access to recognize cars.";
				INFOPLIST_KEY_UIApplicationSceneManifest_Generation = YES;
				INFOPLIST_KEY_UIApplicationSupportsIndirectInputEvents = YES;
				INFOPLIST_KEY_UILaunchScreen_Generation = YES;
				INFOPLIST_KEY_UISupportedInterfaceOrientations = "UIInterfaceOrientationLandscapeLeft UIInterfaceOrientationLandscapeRight";
				INFOPLIST_KEY_UISupportedInterfaceOrientations_iPad = "UIInterfaceOrientationLandscapeLeft UIInterfaceOrientationLandscapeRight UIInterfaceOrientationPortrait UIInterfaceOrientationPortraitUpsideDown";
				LD_RUNPATH_SEARCH_PATHS = (
					"$(inherited)",
					"@executable_path/Frameworks",
				);
				MARKETING_VERSION = 1.0;
				PRODUCT_BUNDLE_IDENTIFIER = Personal.CarRecognizer;
				PRODUCT_NAME = "$(TARGET_NAME)";
				SWIFT_EMIT_LOC_STRINGS = YES;
				SWIFT_VERSION = 5.0;
				TARGETED_DEVICE_FAMILY = "1,2";
			};
			name = Debug;
		};
		710A3EF22E4DB71200BFB3A9 /* Release */ = {
			isa = XCBuildConfiguration;
			buildSettings = {
				ASSETCATALOG_COMPILER_APPICON_NAME = AppIcon;
				ASSETCATALOG_COMPILER_GLOBAL_ACCENT_COLOR_NAME = AccentColor;
				CODE_SIGN_STYLE = Automatic;
				CURRENT_PROJECT_VERSION = 1;
				DEVELOPMENT_TEAM = MC5CH9D7S5;
				ENABLE_PREVIEWS = YES;
				GENERATE_INFOPLIST_FILE = YES;
				INFOPLIST_KEY_LSApplicationCategoryType = "";
				INFOPLIST_KEY_NSCameraUsageDescription = "We need camera access to recognize cars.";
				INFOPLIST_KEY_UIApplicationSceneManifest_Generation = YES;
				INFOPLIST_KEY_UIApplicationSupportsIndirectInputEvents = YES;
				INFOPLIST_KEY_UILaunchScreen_Generation = YES;
				INFOPLIST_KEY_UISupportedInterfaceOrientations = "UIInterfaceOrientationLandscapeLeft UIInterfaceOrientationLandscapeRight";
				INFOPLIST_KEY_UISupportedInterfaceOrientations_iPad = "UIInterfaceOrientationLandscapeLeft UIInterfaceOrientationLandscapeRight UIInterfaceOrientationPortrait UIInterfaceOrientationPortraitUpsideDown";
				LD_RUNPATH_SEARCH_PATHS = (
					"$(inherited)",
					"@executable_path/Frameworks",
				);
				MARKETING_VERSION = 1.0;
				PRODUCT_BUNDLE_IDENTIFIER = Personal.CarRecognizer;
				PRODUCT_NAME = "$(TARGET_NAME)";
				SWIFT_EMIT_LOC_STRINGS = YES;
				SWIFT_VERSION = 5.0;
				TARGETED_DEVICE_FAMILY = "1,2";
			};
			name = Release;
		};
		710A3EF42E4DB71200BFB3A9 /* Debug */ = {
			isa = XCBuildConfiguration;
			buildSettings = {
				BUNDLE_LOADER = "$(TEST_HOST)";
				CODE_SIGN_STYLE = Automatic;
				CURRENT_PROJECT_VERSION = 1;
				DEVELOPMENT_TEAM = MC5CH9D7S5;
				GENERATE_INFOPLIST_FILE = YES;
				IPHONEOS_DEPLOYMENT_TARGET = 18.5;
				MARKETING_VERSION = 1.0;
				PRODUCT_BUNDLE_IDENTIFIER = Personal.CarRecognizerTests;
				PRODUCT_NAME = "$(TARGET_NAME)";
				SWIFT_EMIT_LOC_STRINGS = NO;
				SWIFT_VERSION = 5.0;
				TARGETED_DEVICE_FAMILY = "1,2";
				TEST_HOST = "$(BUILT_PRODUCTS_DIR)/CarRecognizer.app/$(BUNDLE_EXECUTABLE_FOLDER_PATH)/CarRecognizer";
			};
			name = Debug;
		};
		710A3EF52E4DB71200BFB3A9 /* Release */ = {
			isa = XCBuildConfiguration;
			buildSettings = {
				BUNDLE_LOADER = "$(TEST_HOST)";
				CODE_SIGN_STYLE = Automatic;
				CURRENT_PROJECT_VERSION = 1;
				DEVELOPMENT_TEAM = MC5CH9D7S5;
				GENERATE_INFOPLIST_FILE = YES;
				IPHONEOS_DEPLOYMENT_TARGET = 18.5;
				MARKETING_VERSION = 1.0;
				PRODUCT_BUNDLE_IDENTIFIER = Personal.CarRecognizerTests;
				PRODUCT_NAME = "$(TARGET_NAME)";
				SWIFT_EMIT_LOC_STRINGS = NO;
				SWIFT_VERSION = 5.0;
				TARGETED_DEVICE_FAMILY = "1,2";
				TEST_HOST = "$(BUILT_PRODUCTS_DIR)/CarRecognizer.app/$(BUNDLE_EXECUTABLE_FOLDER_PATH)/CarRecognizer";
			};
			name = Release;
		};
		710A3EF72E4DB71200BFB3A9 /* Debug */ = {
			isa = XCBuildConfiguration;
			buildSettings = {
				CODE_SIGN_STYLE = Automatic;
				CURRENT_PROJECT_VERSION = 1;
				DEVELOPMENT_TEAM = MC5CH9D7S5;
				GENERATE_INFOPLIST_FILE = YES;
				MARKETING_VERSION = 1.0;
				PRODUCT_BUNDLE_IDENTIFIER = Personal.CarRecognizerUITests;
				PRODUCT_NAME = "$(TARGET_NAME)";
				SWIFT_EMIT_LOC_STRINGS = NO;
				SWIFT_VERSION = 5.0;
				TARGETED_DEVICE_FAMILY = "1,2";
				TEST_TARGET_NAME = CarRecognizer;
			};
			name = Debug;
		};
		710A3EF82E4DB71200BFB3A9 /* Release */ = {
			isa = XCBuildConfiguration;
			buildSettings = {
				CODE_SIGN_STYLE = Automatic;
				CURRENT_PROJECT_VERSION = 1;
				DEVELOPMENT_TEAM = MC5CH9D7S5;
				GENERATE_INFOPLIST_FILE = YES;
				MARKETING_VERSION = 1.0;
				PRODUCT_BUNDLE_IDENTIFIER = Personal.CarRecognizerUITests;
				PRODUCT_NAME = "$(TARGET_NAME)";
				SWIFT_EMIT_LOC_STRINGS = NO;
				SWIFT_VERSION = 5.0;
				TARGETED_DEVICE_FAMILY = "1,2";
				TEST_TARGET_NAME = CarRecognizer;
			};
			name = Release;
		};
/* End XCBuildConfiguration section */

/* Begin XCConfigurationList section */
		710A3ECA2E4DB71100BFB3A9 /* Build configuration list for PBXProject "CarRecognizer" */ = {
			isa = XCConfigurationList;
			buildConfigurations = (
				710A3EEE2E4DB71200BFB3A9 /* Debug */,
				710A3EEF2E4DB71200BFB3A9 /* Release */,
			);
			defaultConfigurationIsVisible = 0;
			defaultConfigurationName = Release;
		};
		710A3EF02E4DB71200BFB3A9 /* Build configuration list for PBXNativeTarget "CarRecognizer" */ = {
			isa = XCConfigurationList;
			buildConfigurations = (
				710A3EF12E4DB71200BFB3A9 /* Debug */,
				710A3EF22E4DB71200BFB3A9 /* Release */,
			);
			defaultConfigurationIsVisible = 0;
			defaultConfigurationName = Release;
		};
		710A3EF32E4DB71200BFB3A9 /* Build configuration list for PBXNativeTarget "CarRecognizerTests" */ = {
			isa = XCConfigurationList;
			buildConfigurations = (
				710A3EF42E4DB71200BFB3A9 /* Debug */,
				710A3EF52E4DB71200BFB3A9 /* Release */,
			);
			defaultConfigurationIsVisible = 0;
			defaultConfigurationName = Release;
		};
		710A3EF62E4DB71200BFB3A9 /* Build configuration list for PBXNativeTarget "CarRecognizerUITests" */ = {
			isa = XCConfigurationList;
			buildConfigurations = (
				710A3EF72E4DB71200BFB3A9 /* Debug */,
				710A3EF82E4DB71200BFB3A9 /* Release */,
			);
			defaultConfigurationIsVisible = 0;
			defaultConfigurationName = Release;
		};
/* End XCConfigurationList section */
	};
	rootObject = 710A3EC72E4DB71100BFB3A9 /* Project object */;
}
